
Microsoft Visual Studio Solution File, Format Version 12.00
# Visual Studio 15
VisualStudioVersion = 15.0.28307.421
MinimumVisualStudioVersion = 10.0.40219.1
Project("{FAE04EC0-301F-11D3-BF4B-00C04F79EFBC}") = "SiolidVehicles", "SiolidVehicles\SiolidVehicles.csproj", "{2E36728C-9B12-43AA-8C15-7AD75E014676}"
EndProject
Global
	GlobalSection(SolutionConfigurationPlatforms) = preSolution
		Debug|Any CPU = Debug|Any CPU
		Release|Any CPU = Release|Any CPU
	EndGlobalSection
	GlobalSection(ProjectConfigurationPlatforms) = postSolution
		{2E36728C-9B12-43AA-8C15-7AD75E014676}.Debug|Any CPU.ActiveCfg = Debug|Any CPU
		{2E36728C-9B12-43AA-8C15-7AD75E014676}.Debug|Any CPU.Build.0 = Debug|Any CPU
		{2E36728C-9B12-43AA-8C15-7AD75E014676}.Release|Any CPU.ActiveCfg = Release|Any CPU
		{2E36728C-9B12-43AA-8C15-7AD75E014676}.Release|Any CPU.Build.0 = Release|Any CPU
	EndGlobalSection
	GlobalSection(SolutionProperties) = preSolution
		HideSolutionNode = FALSE
	EndGlobalSection
	GlobalSection(ExtensibilityGlobals) = postSolution
		SolutionGuid = {CFBE28AD-FD5F-4D71-B2A2-43862A5AF400}
	EndGlobalSection
EndGlobal
